
Microsoft Visual Studio Solution File, Format Version 12.00
# Visual Studio 15
VisualStudioVersion = 15.0.27428.2002
MinimumVisualStudioVersion = 10.0.40219.1
Project("{FAE04EC0-301F-11D3-BF4B-00C04F79EFBC}") = "DetailClasses", "DetailClasses\DetailClasses.csproj", "{FFEA790F-3002-403D-BD17-BDCB793B1C22}"
EndProject
Global
	GlobalSection(SolutionConfigurationPlatforms) = preSolution
		Debug|Any CPU = Debug|Any CPU
		Release|Any CPU = Release|Any CPU
	EndGlobalSection
	GlobalSection(ProjectConfigurationPlatforms) = postSolution
		{FFEA790F-3002-403D-BD17-BDCB793B1C22}.Debug|Any CPU.ActiveCfg = Debug|Any CPU
		{FFEA790F-3002-403D-BD17-BDCB793B1C22}.Debug|Any CPU.Build.0 = Debug|Any CPU
		{FFEA790F-3002-403D-BD17-BDCB793B1C22}.Release|Any CPU.ActiveCfg = Release|Any CPU
		{FFEA790F-3002-403D-BD17-BDCB793B1C22}.Release|Any CPU.Build.0 = Release|Any CPU
	EndGlobalSection
	GlobalSection(SolutionProperties) = preSolution
		HideSolutionNode = FALSE
	EndGlobalSection
	GlobalSection(ExtensibilityGlobals) = postSolution
		SolutionGuid = {340379B6-47FE-4C3E-B500-8F4263A08521}
	EndGlobalSection
EndGlobal
