
Microsoft Visual Studio Solution File, Format Version 12.00
# Visual Studio 15
VisualStudioVersion = 15.0.27428.2002
MinimumVisualStudioVersion = 10.0.40219.1
Project("{FAE04EC0-301F-11D3-BF4B-00C04F79EFBC}") = "Week1S2Array", "Week1S2Array\Week1S2Array.csproj", "{213C6C0A-83A5-4608-A5C4-2595DECFCD0D}"
EndProject
Global
	GlobalSection(SolutionConfigurationPlatforms) = preSolution
		Debug|Any CPU = Debug|Any CPU
		Release|Any CPU = Release|Any CPU
	EndGlobalSection
	GlobalSection(ProjectConfigurationPlatforms) = postSolution
		{213C6C0A-83A5-4608-A5C4-2595DECFCD0D}.Debug|Any CPU.ActiveCfg = Debug|Any CPU
		{213C6C0A-83A5-4608-A5C4-2595DECFCD0D}.Debug|Any CPU.Build.0 = Debug|Any CPU
		{213C6C0A-83A5-4608-A5C4-2595DECFCD0D}.Release|Any CPU.ActiveCfg = Release|Any CPU
		{213C6C0A-83A5-4608-A5C4-2595DECFCD0D}.Release|Any CPU.Build.0 = Release|Any CPU
	EndGlobalSection
	GlobalSection(SolutionProperties) = preSolution
		HideSolutionNode = FALSE
	EndGlobalSection
	GlobalSection(ExtensibilityGlobals) = postSolution
		SolutionGuid = {3EF938C9-F50C-423A-A6DC-A1FFD1525CF8}
	EndGlobalSection
EndGlobal
